# This file is generated by running "yarn install" inside your project.
# Manual changes might be lost - proceed with caution!

__metadata:
  version: 8
  cacheKey: 10

"@adraffy/ens-normalize@npm:^1.10.1":
  version: 1.11.0
  resolution: "@adraffy/ens-normalize@npm:1.11.0"
  checksum: 10/abef75f21470ea43dd6071168e092d2d13e38067e349e76186c78838ae174a46c3e18ca50921d05bea6ec3203074147c9e271f8cb6531d1c2c0e146f3199ddcb
  languageName: node
  linkType: hard

"@noble/curves@npm:1.8.1, @noble/curves@npm:^1.6.0, @noble/curves@npm:~1.8.1":
  version: 1.8.1
  resolution: "@noble/curves@npm:1.8.1"
  dependencies:
    "@noble/hashes": "npm:1.7.1"
  checksum: 10/e861db372cc0734b02a4c61c0f5a6688d4a7555edca3d8a9e7c846c9aa103ca52d3c3818e8bc333a1a95b5be7f370ff344668d5d759471b11c2d14c7f24b3984
  languageName: node
  linkType: hard

"@noble/hashes@npm:1.7.1, @noble/hashes@npm:^1.5.0, @noble/hashes@npm:~1.7.1":
  version: 1.7.1
  resolution: "@noble/hashes@npm:1.7.1"
  checksum: 10/ca3120da0c3e7881d6a481e9667465cc9ebbee1329124fb0de442e56d63fef9870f8cc96f264ebdb18096e0e36cebc0e6e979a872d545deb0a6fed9353f17e05
  languageName: node
  linkType: hard

"@scure/base@npm:~1.2.2, @scure/base@npm:~1.2.4":
  version: 1.2.4
  resolution: "@scure/base@npm:1.2.4"
  checksum: 10/4b61679209af40143b49ce7b7570e1d9157c19df311ea6f57cd212d764b0b82222dbe3707334f08bec181caf1f047aca31aa91193c678d6548312cb3f9c82ab1
  languageName: node
  linkType: hard

"@scure/bip32@npm:1.6.2, @scure/bip32@npm:^1.5.0":
  version: 1.6.2
  resolution: "@scure/bip32@npm:1.6.2"
  dependencies:
    "@noble/curves": "npm:~1.8.1"
    "@noble/hashes": "npm:~1.7.1"
    "@scure/base": "npm:~1.2.2"
  checksum: 10/474ee315a8631aa1a7d378b0521b4494e09a231519ec53d879088cb88c8ff644a89b27a02a8bf0b5a9b1c4c0417acc70636ccdb121b800c34594ae53c723f8d7
  languageName: node
  linkType: hard

"@scure/bip39@npm:1.5.4, @scure/bip39@npm:^1.4.0":
  version: 1.5.4
  resolution: "@scure/bip39@npm:1.5.4"
  dependencies:
    "@noble/hashes": "npm:~1.7.1"
    "@scure/base": "npm:~1.2.4"
  checksum: 10/9f08b433511d7637bc48c51aa411457d5f33da5a85bd03370bf394822b0ea8c007ceb17247a3790c28237303d8fc20c4e7725765940cd47e1365a88319ad0d5c
  languageName: node
  linkType: hard

"@types/node@npm:^22.12.0":
  version: 22.12.0
  resolution: "@types/node@npm:22.12.0"
  dependencies:
    undici-types: "npm:~6.20.0"
  checksum: 10/aac2b6f6a845ec3540c3d979b3150efe3162165bfda953af10b579df2d1cc4f5c48506922bf6bf661a2e5a7ebb571c5729bf1f9f12488a810bb1a5fa9522ef9d
  languageName: node
  linkType: hard

"abitype@npm:1.0.8, abitype@npm:^1.0.6":
  version: 1.0.8
  resolution: "abitype@npm:1.0.8"
  peerDependencies:
    typescript: ">=5.0.4"
    zod: ^3 >=3.22.0
  peerDependenciesMeta:
    typescript:
      optional: true
    zod:
      optional: true
  checksum: 10/878e74fbac6a971953649b6216950437aa5834a604e9fa833a5b275a6967cff59857c7e43594ae906387d2fb7cad9370138dec4298eb8814815a3ffb6365902c
  languageName: node
  linkType: hard

"eventemitter3@npm:5.0.1":
  version: 5.0.1
  resolution: "eventemitter3@npm:5.0.1"
  checksum: 10/ac6423ec31124629c84c7077eed1e6987f6d66c31cf43c6fcbf6c87791d56317ce808d9ead483652436df171b526fc7220eccdc9f3225df334e81582c3cf7dd5
  languageName: node
  linkType: hard

"fs.promises@npm:^0.1.2":
  version: 0.1.2
  resolution: "fs.promises@npm:0.1.2"
  checksum: 10/bf5c6cc58029f4d8af726f2d9048e371c8d6dd6dbc14285f81712cd93200a5c755a9eeecefd1974907221a9ecc8f4f2f4f226086e732363c727a408ca1a39521
  languageName: node
  linkType: hard

"fs@npm:^0.0.1-security":
  version: 0.0.1-security
  resolution: "fs@npm:0.0.1-security"
  checksum: 10/53c6230e1faae9fa32c1df82c16a84b51b1243d20f3da2b64bd110bb472b73b9185169b703e008356e3cdc92d155088b617d9d39a63b5227a30b3621baad7f5d
  languageName: node
  linkType: hard

"inherits@npm:2.0.3":
  version: 2.0.3
  resolution: "inherits@npm:2.0.3"
  checksum: 10/8771303d66c51be433b564427c16011a8e3fbc3449f1f11ea50efb30a4369495f1d0e89f0fc12bdec0bd7e49102ced5d137e031d39ea09821cb3c717fcf21e69
  languageName: node
  linkType: hard

"isows@npm:1.0.6":
  version: 1.0.6
  resolution: "isows@npm:1.0.6"
  peerDependencies:
    ws: "*"
  checksum: 10/ab9e85b50bcc3d70aa5ec875aa2746c5daf9321cb376ed4e5434d3c2643c5d62b1f466d93a05cd2ad0ead5297224922748c31707cb4fbd68f5d05d0479dce99c
  languageName: node
  linkType: hard

"oku-tokens@workspace:.":
  version: 0.0.0-use.local
  resolution: "oku-tokens@workspace:."
  dependencies:
    "@types/node": "npm:^22.12.0"
    fs: "npm:^0.0.1-security"
    fs.promises: "npm:^0.1.2"
    path: "npm:^0.12.7"
    prettier: "npm:^3.4.2"
    typescript: "npm:^5.7.3"
    viem: "npm:^2.22.17"
    zod: "npm:^3.24.1"
  languageName: unknown
  linkType: soft

"ox@npm:0.6.7":
  version: 0.6.7
  resolution: "ox@npm:0.6.7"
  dependencies:
    "@adraffy/ens-normalize": "npm:^1.10.1"
    "@noble/curves": "npm:^1.6.0"
    "@noble/hashes": "npm:^1.5.0"
    "@scure/bip32": "npm:^1.5.0"
    "@scure/bip39": "npm:^1.4.0"
    abitype: "npm:^1.0.6"
    eventemitter3: "npm:5.0.1"
  peerDependencies:
    typescript: ">=5.4.0"
  peerDependenciesMeta:
    typescript:
      optional: true
  checksum: 10/442fb31e1afb68922bf942025930d8cd6d8c677696e9a6de308008b3608669f22127cadbc0f77181e012d23d7b74318e5f85e63b06b16eecbc887d7fac32a6dc
  languageName: node
  linkType: hard

"path@npm:^0.12.7":
  version: 0.12.7
  resolution: "path@npm:0.12.7"
  dependencies:
    process: "npm:^0.11.1"
    util: "npm:^0.10.3"
  checksum: 10/d49d101f9596613cf4cd1d4ebc4e64ba9a9df5d9cd75a410cfe87a88ce4bf0e2617ff44b92025376f7ecb02e88a6308b27f7f39d810f2335a5126f762487adfb
  languageName: node
  linkType: hard

"prettier@npm:^3.4.2":
  version: 3.4.2
  resolution: "prettier@npm:3.4.2"
  bin:
    prettier: bin/prettier.cjs
  checksum: 10/a3e806fb0b635818964d472d35d27e21a4e17150c679047f5501e1f23bd4aa806adf660f0c0d35214a210d5d440da6896c2e86156da55f221a57938278dc326e
  languageName: node
  linkType: hard

"process@npm:^0.11.1":
  version: 0.11.10
  resolution: "process@npm:0.11.10"
  checksum: 10/dbaa7e8d1d5cf375c36963ff43116772a989ef2bb47c9bdee20f38fd8fc061119cf38140631cf90c781aca4d3f0f0d2c834711952b728953f04fd7d238f59f5b
  languageName: node
  linkType: hard

"typescript@npm:^5.7.3":
  version: 5.7.3
  resolution: "typescript@npm:5.7.3"
  bin:
    tsc: bin/tsc
    tsserver: bin/tsserver
  checksum: 10/6a7e556de91db3d34dc51cd2600e8e91f4c312acd8e52792f243c7818dfadb27bae677175fad6947f9c81efb6c57eb6b2d0c736f196a6ee2f1f7d57b74fc92fa
  languageName: node
  linkType: hard

"typescript@patch:typescript@npm%3A^5.7.3#optional!builtin<compat/typescript>":
  version: 5.7.3
  resolution: "typescript@patch:typescript@npm%3A5.7.3#optional!builtin<compat/typescript>::version=5.7.3&hash=5786d5"
  bin:
    tsc: bin/tsc
    tsserver: bin/tsserver
  checksum: 10/dc58d777eb4c01973f7fbf1fd808aad49a0efdf545528dab9b07d94fdcb65b8751742804c3057e9619a4627f2d9cc85547fdd49d9f4326992ad0181b49e61d81
  languageName: node
  linkType: hard

"undici-types@npm:~6.20.0":
  version: 6.20.0
  resolution: "undici-types@npm:6.20.0"
  checksum: 10/583ac7bbf4ff69931d3985f4762cde2690bb607844c16a5e2fbb92ed312fe4fa1b365e953032d469fa28ba8b224e88a595f0b10a449332f83fa77c695e567dbe
  languageName: node
  linkType: hard

"util@npm:^0.10.3":
  version: 0.10.4
  resolution: "util@npm:0.10.4"
  dependencies:
    inherits: "npm:2.0.3"
  checksum: 10/1200a1ca2b474758342b3a0c5261c56f14ef09ad7eeaec3e6f449f5776ecdfce09a153cad62652b823e74647cdcfd2918552eadd2434783dfb58dabc5061803a
  languageName: node
  linkType: hard

"viem@npm:^2.22.17":
  version: 2.22.17
  resolution: "viem@npm:2.22.17"
  dependencies:
    "@noble/curves": "npm:1.8.1"
    "@noble/hashes": "npm:1.7.1"
    "@scure/bip32": "npm:1.6.2"
    "@scure/bip39": "npm:1.5.4"
    abitype: "npm:1.0.8"
    isows: "npm:1.0.6"
    ox: "npm:0.6.7"
    ws: "npm:8.18.0"
  peerDependencies:
    typescript: ">=5.0.4"
  peerDependenciesMeta:
    typescript:
      optional: true
  checksum: 10/30f83e71393459355a893459282dc9f5cd9c7a31099ff71116fea16ce29c5fb0713e0f40207b7b16dbd987a991b39b9f22e951b19f507f3f0e3da7356c8c90ab
  languageName: node
  linkType: hard

"ws@npm:8.18.0":
  version: 8.18.0
  resolution: "ws@npm:8.18.0"
  peerDependencies:
    bufferutil: ^4.0.1
    utf-8-validate: ">=5.0.2"
  peerDependenciesMeta:
    bufferutil:
      optional: true
    utf-8-validate:
      optional: true
  checksum: 10/70dfe53f23ff4368d46e4c0b1d4ca734db2c4149c6f68bc62cb16fc21f753c47b35fcc6e582f3bdfba0eaeb1c488cddab3c2255755a5c3eecb251431e42b3ff6
  languageName: node
  linkType: hard

"zod@npm:^3.24.1":
  version: 3.24.1
  resolution: "zod@npm:3.24.1"
  checksum: 10/54e25956495dec22acb9399c168c6ba657ff279801a7fcd0530c414d867f1dcca279335e160af9b138dd70c332e17d548be4bc4d2f7eaf627dead50d914fec27
  languageName: node
  linkType: hard
